
Microsoft Visual Studio Solution File, Format Version 12.00
# Visual Studio 15
VisualStudioVersion = 15.0.26124.0
MinimumVisualStudioVersion = 15.0.26124.0
Project("{FAE04EC0-301F-11D3-BF4B-00C04F79EFBC}") = "Domain", "Domain\Domain.csproj", "{2B661352-E57A-4976-BCCA-9E0C21380FBB}"
EndProject
Project("{FAE04EC0-301F-11D3-BF4B-00C04F79EFBC}") = "Application", "Application\Application.csproj", "{AC1982C9-63E8-4F36-83C2-55D1E2F16404}"
EndProject
Project("{FAE04EC0-301F-11D3-BF4B-00C04F79EFBC}") = "API", "API\API.csproj", "{B39CCC0A-1AB6-460E-B09C-C9A49A65FD04}"
EndProject
Project("{FAE04EC0-301F-11D3-BF4B-00C04F79EFBC}") = "Persistence", "Persistence\Persistence.csproj", "{E20D41BB-302E-487E-8ED8-650EF36D82B2}"
EndProject
Global
	GlobalSection(SolutionConfigurationPlatforms) = preSolution
		Debug|Any CPU = Debug|Any CPU
		Debug|x64 = Debug|x64
		Debug|x86 = Debug|x86
		Release|Any CPU = Release|Any CPU
		Release|x64 = Release|x64
		Release|x86 = Release|x86
	EndGlobalSection
	GlobalSection(SolutionProperties) = preSolution
		HideSolutionNode = FALSE
	EndGlobalSection
	GlobalSection(ProjectConfigurationPlatforms) = postSolution
		{2B661352-E57A-4976-BCCA-9E0C21380FBB}.Debug|Any CPU.ActiveCfg = Debug|Any CPU
		{2B661352-E57A-4976-BCCA-9E0C21380FBB}.Debug|Any CPU.Build.0 = Debug|Any CPU
		{2B661352-E57A-4976-BCCA-9E0C21380FBB}.Debug|x64.ActiveCfg = Debug|Any CPU
		{2B661352-E57A-4976-BCCA-9E0C21380FBB}.Debug|x64.Build.0 = Debug|Any CPU
		{2B661352-E57A-4976-BCCA-9E0C21380FBB}.Debug|x86.ActiveCfg = Debug|Any CPU
		{2B661352-E57A-4976-BCCA-9E0C21380FBB}.Debug|x86.Build.0 = Debug|Any CPU
		{2B661352-E57A-4976-BCCA-9E0C21380FBB}.Release|Any CPU.ActiveCfg = Release|Any CPU
		{2B661352-E57A-4976-BCCA-9E0C21380FBB}.Release|Any CPU.Build.0 = Release|Any CPU
		{2B661352-E57A-4976-BCCA-9E0C21380FBB}.Release|x64.ActiveCfg = Release|Any CPU
		{2B661352-E57A-4976-BCCA-9E0C21380FBB}.Release|x64.Build.0 = Release|Any CPU
		{2B661352-E57A-4976-BCCA-9E0C21380FBB}.Release|x86.ActiveCfg = Release|Any CPU
		{2B661352-E57A-4976-BCCA-9E0C21380FBB}.Release|x86.Build.0 = Release|Any CPU
		{AC1982C9-63E8-4F36-83C2-55D1E2F16404}.Debug|Any CPU.ActiveCfg = Debug|Any CPU
		{AC1982C9-63E8-4F36-83C2-55D1E2F16404}.Debug|Any CPU.Build.0 = Debug|Any CPU
		{AC1982C9-63E8-4F36-83C2-55D1E2F16404}.Debug|x64.ActiveCfg = Debug|Any CPU
		{AC1982C9-63E8-4F36-83C2-55D1E2F16404}.Debug|x64.Build.0 = Debug|Any CPU
		{AC1982C9-63E8-4F36-83C2-55D1E2F16404}.Debug|x86.ActiveCfg = Debug|Any CPU
		{AC1982C9-63E8-4F36-83C2-55D1E2F16404}.Debug|x86.Build.0 = Debug|Any CPU
		{AC1982C9-63E8-4F36-83C2-55D1E2F16404}.Release|Any CPU.ActiveCfg = Release|Any CPU
		{AC1982C9-63E8-4F36-83C2-55D1E2F16404}.Release|Any CPU.Build.0 = Release|Any CPU
		{AC1982C9-63E8-4F36-83C2-55D1E2F16404}.Release|x64.ActiveCfg = Release|Any CPU
		{AC1982C9-63E8-4F36-83C2-55D1E2F16404}.Release|x64.Build.0 = Release|Any CPU
		{AC1982C9-63E8-4F36-83C2-55D1E2F16404}.Release|x86.ActiveCfg = Release|Any CPU
		{AC1982C9-63E8-4F36-83C2-55D1E2F16404}.Release|x86.Build.0 = Release|Any CPU
		{B39CCC0A-1AB6-460E-B09C-C9A49A65FD04}.Debug|Any CPU.ActiveCfg = Debug|Any CPU
		{B39CCC0A-1AB6-460E-B09C-C9A49A65FD04}.Debug|Any CPU.Build.0 = Debug|Any CPU
		{B39CCC0A-1AB6-460E-B09C-C9A49A65FD04}.Debug|x64.ActiveCfg = Debug|Any CPU
		{B39CCC0A-1AB6-460E-B09C-C9A49A65FD04}.Debug|x64.Build.0 = Debug|Any CPU
		{B39CCC0A-1AB6-460E-B09C-C9A49A65FD04}.Debug|x86.ActiveCfg = Debug|Any CPU
		{B39CCC0A-1AB6-460E-B09C-C9A49A65FD04}.Debug|x86.Build.0 = Debug|Any CPU
		{B39CCC0A-1AB6-460E-B09C-C9A49A65FD04}.Release|Any CPU.ActiveCfg = Release|Any CPU
		{B39CCC0A-1AB6-460E-B09C-C9A49A65FD04}.Release|Any CPU.Build.0 = Release|Any CPU
		{B39CCC0A-1AB6-460E-B09C-C9A49A65FD04}.Release|x64.ActiveCfg = Release|Any CPU
		{B39CCC0A-1AB6-460E-B09C-C9A49A65FD04}.Release|x64.Build.0 = Release|Any CPU
		{B39CCC0A-1AB6-460E-B09C-C9A49A65FD04}.Release|x86.ActiveCfg = Release|Any CPU
		{B39CCC0A-1AB6-460E-B09C-C9A49A65FD04}.Release|x86.Build.0 = Release|Any CPU
		{E20D41BB-302E-487E-8ED8-650EF36D82B2}.Debug|Any CPU.ActiveCfg = Debug|Any CPU
		{E20D41BB-302E-487E-8ED8-650EF36D82B2}.Debug|Any CPU.Build.0 = Debug|Any CPU
		{E20D41BB-302E-487E-8ED8-650EF36D82B2}.Debug|x64.ActiveCfg = Debug|Any CPU
		{E20D41BB-302E-487E-8ED8-650EF36D82B2}.Debug|x64.Build.0 = Debug|Any CPU
		{E20D41BB-302E-487E-8ED8-650EF36D82B2}.Debug|x86.ActiveCfg = Debug|Any CPU
		{E20D41BB-302E-487E-8ED8-650EF36D82B2}.Debug|x86.Build.0 = Debug|Any CPU
		{E20D41BB-302E-487E-8ED8-650EF36D82B2}.Release|Any CPU.ActiveCfg = Release|Any CPU
		{E20D41BB-302E-487E-8ED8-650EF36D82B2}.Release|Any CPU.Build.0 = Release|Any CPU
		{E20D41BB-302E-487E-8ED8-650EF36D82B2}.Release|x64.ActiveCfg = Release|Any CPU
		{E20D41BB-302E-487E-8ED8-650EF36D82B2}.Release|x64.Build.0 = Release|Any CPU
		{E20D41BB-302E-487E-8ED8-650EF36D82B2}.Release|x86.ActiveCfg = Release|Any CPU
		{E20D41BB-302E-487E-8ED8-650EF36D82B2}.Release|x86.Build.0 = Release|Any CPU
	EndGlobalSection
EndGlobal
